// !$*UTF8*$!
{
	archiveVersion = 1;
	classes = {
	};
	objectVersion = 46;
	objects = {

/* Begin PBXBuildFile section */
		4B6842141D7E577500FE018D /* AppDelegate.swift in Sources */ = {isa = PBXBuildFile; fileRef = 4B6842131D7E577500FE018D /* AppDelegate.swift */; };
		4B6842161D7E577500FE018D /* ViewController.swift in Sources */ = {isa = PBXBuildFile; fileRef = 4B6842151D7E577500FE018D /* ViewController.swift */; };
		4B6842191D7E577500FE018D /* Main.storyboard in Resources */ = {isa = PBXBuildFile; fileRef = 4B6842171D7E577500FE018D /* Main.storyboard */; };
		4B68421B1D7E577500FE018D /* Assets.xcassets in Resources */ = {isa = PBXBuildFile; fileRef = 4B68421A1D7E577500FE018D /* Assets.xcassets */; };
		4B68421E1D7E577500FE018D /* LaunchScreen.storyboard in Resources */ = {isa = PBXBuildFile; fileRef = 4B68421C1D7E577500FE018D /* LaunchScreen.storyboard */; };
/* End PBXBuildFile section */

/* Begin PBXFileReference section */
		4B6842101D7E577500FE018D /* weather_app_for_inter_update.app */ = {isa = PBXFileReference; explicitFileType = wrapper.application; includeInIndex = 0; path = weather_app_for_inter_update.app; sourceTree = BUILT_PRODUCTS_DIR; };
		4B6842131D7E577500FE018D /* AppDelegate.swift */ = {isa = PBXFileReference; lastKnownFileType = sourcecode.swift; path = AppDelegate.swift; sourceTree = "<group>"; };
		4B6842151D7E577500FE018D /* ViewController.swift */ = {isa = PBXFileReference; lastKnownFileType = sourcecode.swift; path = ViewController.swift; sourceTree = "<group>"; };
		4B6842181D7E577500FE018D /* Base */ = {isa = PBXFileReference; lastKnownFileType = file.storyboard; name = Base; path = Base.lproj/Main.storyboard; sourceTree = "<group>"; };
		4B68421A1D7E577500FE018D /* Assets.xcassets */ = {isa = PBXFileReference; lastKnownFileType = folder.assetcatalog; path = Assets.xcassets; sourceTree = "<group>"; };
		4B68421D1D7E577500FE018D /* Base */ = {isa = PBXFileReference; lastKnownFileType = file.storyboard; name = Base; path = Base.lproj/LaunchScreen.storyboard; sourceTree = "<group>"; };
		4B68421F1D7E577500FE018D /* Info.plist */ = {isa = PBXFileReference; lastKnownFileType = text.plist.xml; path = Info.plist; sourceTree = "<group>"; };
/* End PBXFileReference section */

/* Begin PBXFrameworksBuildPhase section */
		4B68420D1D7E577500FE018D /* Frameworks */ = {
			isa = PBXFrameworksBuildPhase;
			buildActionMask = 2147483647;
			files = (
			);
			runOnlyForDeploymentPostprocessing = 0;
		};
/* End PBXFrameworksBuildPhase section */

/* Begin PBXGroup section */
		4B6842071D7E577500FE018D = {
			isa = PBXGroup;
			children = (
				4B6842121D7E577500FE018D /* weather_app_for_inter_update */,
				4B6842111D7E577500FE018D /* Products */,
			);
			sourceTree = "<group>";
		};
		4B6842111D7E577500FE018D /* Products */ = {
			isa = PBXGroup;
			children = (
				4B6842101D7E577500FE018D /* weather_app_for_inter_update.app */,
			);
			name = Products;
			sourceTree = "<group>";
		};
		4B6842121D7E577500FE018D /* weather_app_for_inter_update */ = {
			isa = PBXGroup;
			children = (
				4B6842131D7E577500FE018D /* AppDelegate.swift */,
				4B6842151D7E577500FE018D /* ViewController.swift */,
				4B6842171D7E577500FE018D /* Main.storyboard */,
				4B68421A1D7E577500FE018D /* Assets.xcassets */,
				4B68421C1D7E577500FE018D /* LaunchScreen.storyboard */,
				4B68421F1D7E577500FE018D /* Info.plist */,
			);
			path = weather_app_for_inter_update;
			sourceTree = "<group>";
		};
/* End PBXGroup section */

/* Begin PBXNativeTarget section */
		4B68420F1D7E577500FE018D /* weather_app_for_inter_update */ = {
			isa = PBXNativeTarget;
			buildConfigurationList = 4B6842221D7E577500FE018D /* Build configuration list for PBXNativeTarget "weather_app_for_inter_update" */;
			buildPhases = (
				4B68420C1D7E577500FE018D /* Sources */,
				4B68420D1D7E577500FE018D /* Frameworks */,
				4B68420E1D7E577500FE018D /* Resources */,
			);
			buildRules = (
			);
			dependencies = (
			);
			name = weather_app_for_inter_update;
			productName = weather_app_for_inter_update;
			productReference = 4B6842101D7E577500FE018D /* weather_app_for_inter_update.app */;
			productType = "com.apple.product-type.application";
		};
/* End PBXNativeTarget section */

/* Begin PBXProject section */
		4B6842081D7E577500FE018D /* Project object */ = {
			isa = PBXProject;
			attributes = {
				LastUpgradeCheck = 0700;
				ORGANIZATIONNAME = Lp;
				TargetAttributes = {
					4B68420F1D7E577500FE018D = {
						CreatedOnToolsVersion = 7.0.1;
					};
				};
			};
			buildConfigurationList = 4B68420B1D7E577500FE018D /* Build configuration list for PBXProject "weather_app_for_inter_update" */;
			compatibilityVersion = "Xcode 3.2";
			developmentRegion = English;
			hasScannedForEncodings = 0;
			knownRegions = (
				en,
				Base,
			);
			mainGroup = 4B6842071D7E577500FE018D;
			productRefGroup = 4B6842111D7E577500FE018D /* Products */;
			projectDirPath = "";
			projectRoot = "";
			targets = (
				4B68420F1D7E577500FE018D /* weather_app_for_inter_update */,
			);
		};
/* End PBXProject section */

/* Begin PBXResourcesBuildPhase section */
		4B68420E1D7E577500FE018D /* Resources */ = {
			isa = PBXResourcesBuildPhase;
			buildActionMask = 2147483647;
			files = (
				4B68421E1D7E577500FE018D /* LaunchScreen.storyboard in Resources */,
				4B68421B1D7E577500FE018D /* Assets.xcassets in Resources */,
				4B6842191D7E577500FE018D /* Main.storyboard in Resources */,
			);
			runOnlyForDeploymentPostprocessing = 0;
		};
/* End PBXResourcesBuildPhase section */

/* Begin PBXSourcesBuildPhase section */
		4B68420C1D7E577500FE018D /* Sources */ = {
			isa = PBXSourcesBuildPhase;
			buildActionMask = 2147483647;
			files = (
				4B6842161D7E577500FE018D /* ViewController.swift in Sources */,
				4B6842141D7E577500FE018D /* AppDelegate.swift in Sources */,
			);
			runOnlyForDeploymentPostprocessing = 0;
		};
/* End PBXSourcesBuildPhase section */

/* Begin PBXVariantGroup section */
		4B6842171D7E577500FE018D /* Main.storyboard */ = {
			isa = PBXVariantGroup;
			children = (
				4B6842181D7E577500FE018D /* Base */,
			);
			name = Main.storyboard;
			sourceTree = "<group>";
		};
		4B68421C1D7E577500FE018D /* LaunchScreen.storyboard */ = {
			isa = PBXVariantGroup;
			children = (
				4B68421D1D7E577500FE018D /* Base */,
			);
			name = LaunchScreen.storyboard;
			sourceTree = "<group>";
		};
/* End PBXVariantGroup section */

/* Begin XCBuildConfiguration section */
		4B6842201D7E577500FE018D /* Debug */ = {
			isa = XCBuildConfiguration;
			buildSettings = {
				ALWAYS_SEARCH_USER_PATHS = NO;
				CLANG_CXX_LANGUAGE_STANDARD = "gnu++0x";
				CLANG_CXX_LIBRARY = "libc++";
				CLANG_ENABLE_MODULES = YES;
				CLANG_ENABLE_OBJC_ARC = YES;
				CLANG_WARN_BOOL_CONVERSION = YES;
				CLANG_WARN_CONSTANT_CONVERSION = YES;
				CLANG_WARN_DIRECT_OBJC_ISA_USAGE = YES_ERROR;
				CLANG_WARN_EMPTY_BODY = YES;
				CLANG_WARN_ENUM_CONVERSION = YES;
				CLANG_WARN_INT_CONVERSION = YES;
				CLANG_WARN_OBJC_ROOT_CLASS = YES_ERROR;
				CLANG_WARN_UNREACHABLE_CODE = YES;
				CLANG_WARN__DUPLICATE_METHOD_MATCH = YES;
				"CODE_SIGN_IDENTITY[sdk=iphoneos*]" = "iPhone Developer";
				COPY_PHASE_STRIP = NO;
				DEBUG_INFORMATION_FORMAT = dwarf;
				ENABLE_STRICT_OBJC_MSGSEND = YES;
				ENABLE_TESTABILITY = YES;
				GCC_C_LANGUAGE_STANDARD = gnu99;
				GCC_DYNAMIC_NO_PIC = NO;
				GCC_NO_COMMON_BLOCKS = YES;
				GCC_OPTIMIZATION_LEVEL = 0;
				GCC_PREPROCESSOR_DEFINITIONS = (
					"DEBUG=1",
					"$(inherited)",
				);
				GCC_WARN_64_TO_32_BIT_CONVERSION = YES;
				GCC_WARN_ABOUT_RETURN_TYPE = YES_ERROR;
				GCC_WARN_UNDECLARED_SELECTOR = YES;
				GCC_WARN_UNINITIALIZED_AUTOS = YES_AGGRESSIVE;
				GCC_WARN_UNUSED_FUNCTION = YES;
				GCC_WARN_UNUSED_VARIABLE = YES;
				IPHONEOS_DEPLOYMENT_TARGET = 9.0;
				MTL_ENABLE_DEBUG_INFO = YES;
				ONLY_ACTIVE_ARCH = YES;
				SDKROOT = iphoneos;
				SWIFT_OPTIMIZATION_LEVEL = "-Onone";
			};
			name = Debug;
		};
		4B6842211D7E577500FE018D /* Release */ = {
			isa = XCBuildConfiguration;
			buildSettings = {
				ALWAYS_SEARCH_USER_PATHS = NO;
				CLANG_CXX_LANGUAGE_STANDARD = "gnu++0x";
				CLANG_CXX_LIBRARY = "libc++";
				CLANG_ENABLE_MODULES = YES;
				CLANG_ENABLE_OBJC_ARC = YES;
				CLANG_WARN_BOOL_CONVERSION = YES;
				CLANG_WARN_CONSTANT_CONVERSION = YES;
				CLANG_WARN_DIRECT_OBJC_ISA_USAGE = YES_ERROR;
				CLANG_WARN_EMPTY_BODY = YES;
				CLANG_WARN_ENUM_CONVERSION = YES;
				CLANG_WARN_INT_CONVERSION = YES;
				CLANG_WARN_OBJC_ROOT_CLASS = YES_ERROR;
				CLANG_WARN_UNREACHABLE_CODE = YES;
				CLANG_WARN__DUPLICATE_METHOD_MATCH = YES;
				"CODE_SIGN_IDENTITY[sdk=iphoneos*]" = "iPhone Developer";
				COPY_PHASE_STRIP = NO;
				DEBUG_INFORMATION_FORMAT = "dwarf-with-dsym";
				ENABLE_NS_ASSERTIONS = NO;
				ENABLE_STRICT_OBJC_MSGSEND = YES;
				GCC_C_LANGUAGE_STANDARD = gnu99;
				GCC_NO_COMMON_BLOCKS = YES;
				GCC_WARN_64_TO_32_BIT_CONVERSION = YES;
				GCC_WARN_ABOUT_RETURN_TYPE = YES_ERROR;
				GCC_WARN_UNDECLARED_SELECTOR = YES;
				GCC_WARN_UNINITIALIZED_AUTOS = YES_AGGRESSIVE;
				GCC_WARN_UNUSED_FUNCTION = YES;
				GCC_WARN_UNUSED_VARIABLE = YES;
				IPHONEOS_DEPLOYMENT_TARGET = 9.0;
				MTL_ENABLE_DEBUG_INFO = NO;
				SDKROOT = iphoneos;
				VALIDATE_PRODUCT = YES;
			};
			name = Release;
		};
		4B6842231D7E577500FE018D /* Debug */ = {
			isa = XCBuildConfiguration;
			buildSettings = {
				ASSETCATALOG_COMPILER_APPICON_NAME = AppIcon;
				INFOPLIST_FILE = weather_app_for_inter_update/Info.plist;
				LD_RUNPATH_SEARCH_PATHS = "$(inherited) @executable_path/Frameworks";
				PRODUCT_BUNDLE_IDENTIFIER = "com.ILGLF.weather-app-for-inter-update";
				PRODUCT_NAME = "$(TARGET_NAME)";
			};
			name = Debug;
		};
		4B6842241D7E577500FE018D /* Release */ = {
			isa = XCBuildConfiguration;
			buildSettings = {
				ASSETCATALOG_COMPILER_APPICON_NAME = AppIcon;
				INFOPLIST_FILE = weather_app_for_inter_update/Info.plist;
				LD_RUNPATH_SEARCH_PATHS = "$(inherited) @executable_path/Frameworks";
				PRODUCT_BUNDLE_IDENTIFIER = "com.ILGLF.weather-app-for-inter-update";
				PRODUCT_NAME = "$(TARGET_NAME)";
			};
			name = Release;
		};
/* End XCBuildConfiguration section */

/* Begin XCConfigurationList section */
		4B68420B1D7E577500FE018D /* Build configuration list for PBXProject "weather_app_for_inter_update" */ = {
			isa = XCConfigurationList;
			buildConfigurations = (
				4B6842201D7E577500FE018D /* Debug */,
				4B6842211D7E577500FE018D /* Release */,
			);
			defaultConfigurationIsVisible = 0;
			defaultConfigurationName = Release;
		};
		4B6842221D7E577500FE018D /* Build configuration list for PBXNativeTarget "weather_app_for_inter_update" */ = {
			isa = XCConfigurationList;
			buildConfigurations = (
				4B6842231D7E577500FE018D /* Debug */,
				4B6842241D7E577500FE018D /* Release */,
			);
			defaultConfigurationIsVisible = 0;
			defaultConfigurationName = Release;
		};
/* End XCConfigurationList section */
	};
	rootObject = 4B6842081D7E577500FE018D /* Project object */;
}
